
Microsoft Visual Studio Solution File, Format Version 12.00
# Visual Studio Version 16
VisualStudioVersion = 16.0.29411.108
MinimumVisualStudioVersion = 10.0.40219.1
Project("{FAE04EC0-301F-11D3-BF4B-00C04F79EFBC}") = "Nullable", "Nullable.csproj", "{8BC2D2BF-B9A3-496F-AEFE-74B7BC561BC4}"
EndProject
Global
	GlobalSection(SolutionConfigurationPlatforms) = preSolution
		Debug|Any CPU = Debug|Any CPU
		Release|Any CPU = Release|Any CPU
	EndGlobalSection
	GlobalSection(ProjectConfigurationPlatforms) = postSolution
		{8BC2D2BF-B9A3-496F-AEFE-74B7BC561BC4}.Debug|Any CPU.ActiveCfg = Debug|Any CPU
		{8BC2D2BF-B9A3-496F-AEFE-74B7BC561BC4}.Debug|Any CPU.Build.0 = Debug|Any CPU
		{8BC2D2BF-B9A3-496F-AEFE-74B7BC561BC4}.Release|Any CPU.ActiveCfg = Release|Any CPU
		{8BC2D2BF-B9A3-496F-AEFE-74B7BC561BC4}.Release|Any CPU.Build.0 = Release|Any CPU
	EndGlobalSection
	GlobalSection(SolutionProperties) = preSolution
		HideSolutionNode = FALSE
	EndGlobalSection
	GlobalSection(ExtensibilityGlobals) = postSolution
		SolutionGuid = {CC0D49EA-64CA-43E9-8EA0-F09E59F8C96B}
	EndGlobalSection
EndGlobal
