
Microsoft Visual Studio Solution File, Format Version 12.00
# Visual Studio Version 17
VisualStudioVersion = 17.0.31521.260
MinimumVisualStudioVersion = 10.0.40219.1
Project("{FAE04EC0-301F-11D3-BF4B-00C04F79EFBC}") = "EjemploColas", "EjemploColas\EjemploColas.csproj", "{20338F5F-DEB3-4E80-B284-FBE3DB89B589}"
EndProject
Global
	GlobalSection(SolutionConfigurationPlatforms) = preSolution
		Debug|Any CPU = Debug|Any CPU
		Release|Any CPU = Release|Any CPU
	EndGlobalSection
	GlobalSection(ProjectConfigurationPlatforms) = postSolution
		{20338F5F-DEB3-4E80-B284-FBE3DB89B589}.Debug|Any CPU.ActiveCfg = Debug|Any CPU
		{20338F5F-DEB3-4E80-B284-FBE3DB89B589}.Debug|Any CPU.Build.0 = Debug|Any CPU
		{20338F5F-DEB3-4E80-B284-FBE3DB89B589}.Release|Any CPU.ActiveCfg = Release|Any CPU
		{20338F5F-DEB3-4E80-B284-FBE3DB89B589}.Release|Any CPU.Build.0 = Release|Any CPU
	EndGlobalSection
	GlobalSection(SolutionProperties) = preSolution
		HideSolutionNode = FALSE
	EndGlobalSection
	GlobalSection(ExtensibilityGlobals) = postSolution
		SolutionGuid = {BE9AC943-3FE3-4BD1-824D-C86903D94430}
	EndGlobalSection
EndGlobal
