
Microsoft Visual Studio Solution File, Format Version 12.00
# Visual Studio Version 17
VisualStudioVersion = 17.0.31521.260
MinimumVisualStudioVersion = 10.0.40219.1
Project("{FAE04EC0-301F-11D3-BF4B-00C04F79EFBC}") = "EjemploTuplas", "EjemploTuplas\EjemploTuplas.csproj", "{AB1BB454-22A6-44D1-AD44-4859461B1117}"
EndProject
Global
	GlobalSection(SolutionConfigurationPlatforms) = preSolution
		Debug|Any CPU = Debug|Any CPU
		Release|Any CPU = Release|Any CPU
	EndGlobalSection
	GlobalSection(ProjectConfigurationPlatforms) = postSolution
		{AB1BB454-22A6-44D1-AD44-4859461B1117}.Debug|Any CPU.ActiveCfg = Debug|Any CPU
		{AB1BB454-22A6-44D1-AD44-4859461B1117}.Debug|Any CPU.Build.0 = Debug|Any CPU
		{AB1BB454-22A6-44D1-AD44-4859461B1117}.Release|Any CPU.ActiveCfg = Release|Any CPU
		{AB1BB454-22A6-44D1-AD44-4859461B1117}.Release|Any CPU.Build.0 = Release|Any CPU
	EndGlobalSection
	GlobalSection(SolutionProperties) = preSolution
		HideSolutionNode = FALSE
	EndGlobalSection
	GlobalSection(ExtensibilityGlobals) = postSolution
		SolutionGuid = {90E5C3F5-4B46-4083-BA7B-3A4D8CEA6574}
	EndGlobalSection
EndGlobal
