
Microsoft Visual Studio Solution File, Format Version 12.00
# Visual Studio Version 16
VisualStudioVersion = 16.0.29009.5
MinimumVisualStudioVersion = 10.0.40219.1
Project("{FAE04EC0-301F-11D3-BF4B-00C04F79EFBC}") = "sobrecargaDeMetodos", "sobrecargaDeMetodos\sobrecargaDeMetodos.csproj", "{D846BFF2-A1E5-4ECB-8B6A-FABBC932C43F}"
EndProject
Global
	GlobalSection(SolutionConfigurationPlatforms) = preSolution
		Debug|Any CPU = Debug|Any CPU
		Release|Any CPU = Release|Any CPU
	EndGlobalSection
	GlobalSection(ProjectConfigurationPlatforms) = postSolution
		{D846BFF2-A1E5-4ECB-8B6A-FABBC932C43F}.Debug|Any CPU.ActiveCfg = Debug|Any CPU
		{D846BFF2-A1E5-4ECB-8B6A-FABBC932C43F}.Debug|Any CPU.Build.0 = Debug|Any CPU
		{D846BFF2-A1E5-4ECB-8B6A-FABBC932C43F}.Release|Any CPU.ActiveCfg = Release|Any CPU
		{D846BFF2-A1E5-4ECB-8B6A-FABBC932C43F}.Release|Any CPU.Build.0 = Release|Any CPU
	EndGlobalSection
	GlobalSection(SolutionProperties) = preSolution
		HideSolutionNode = FALSE
	EndGlobalSection
	GlobalSection(ExtensibilityGlobals) = postSolution
		SolutionGuid = {18F3B785-A12D-442A-9EED-4FE3BD41F3FC}
	EndGlobalSection
EndGlobal
