
Microsoft Visual Studio Solution File, Format Version 12.00
# Visual Studio Version 16
VisualStudioVersion = 16.0.29009.5
MinimumVisualStudioVersion = 10.0.40219.1
Project("{FAE04EC0-301F-11D3-BF4B-00C04F79EFBC}") = "EjemploStatic", "EjemploStatic\EjemploStatic.csproj", "{CAE8C175-D7FE-4C5E-AD7F-C542AA2F04C4}"
EndProject
Global
	GlobalSection(SolutionConfigurationPlatforms) = preSolution
		Debug|Any CPU = Debug|Any CPU
		Release|Any CPU = Release|Any CPU
	EndGlobalSection
	GlobalSection(ProjectConfigurationPlatforms) = postSolution
		{CAE8C175-D7FE-4C5E-AD7F-C542AA2F04C4}.Debug|Any CPU.ActiveCfg = Debug|Any CPU
		{CAE8C175-D7FE-4C5E-AD7F-C542AA2F04C4}.Debug|Any CPU.Build.0 = Debug|Any CPU
		{CAE8C175-D7FE-4C5E-AD7F-C542AA2F04C4}.Release|Any CPU.ActiveCfg = Release|Any CPU
		{CAE8C175-D7FE-4C5E-AD7F-C542AA2F04C4}.Release|Any CPU.Build.0 = Release|Any CPU
	EndGlobalSection
	GlobalSection(SolutionProperties) = preSolution
		HideSolutionNode = FALSE
	EndGlobalSection
	GlobalSection(ExtensibilityGlobals) = postSolution
		SolutionGuid = {5D1BF509-2495-4D9C-92E4-9416FCF04E9E}
	EndGlobalSection
EndGlobal
