
Microsoft Visual Studio Solution File, Format Version 12.00
# Visual Studio Version 16
VisualStudioVersion = 16.0.29009.5
MinimumVisualStudioVersion = 10.0.40219.1
Project("{FAE04EC0-301F-11D3-BF4B-00C04F79EFBC}") = "ClaseAbstracta", "ClaseAbstracta\ClaseAbstracta.csproj", "{7F8A395A-F6E8-4161-8B36-26536B76C285}"
EndProject
Global
	GlobalSection(SolutionConfigurationPlatforms) = preSolution
		Debug|Any CPU = Debug|Any CPU
		Release|Any CPU = Release|Any CPU
	EndGlobalSection
	GlobalSection(ProjectConfigurationPlatforms) = postSolution
		{7F8A395A-F6E8-4161-8B36-26536B76C285}.Debug|Any CPU.ActiveCfg = Debug|Any CPU
		{7F8A395A-F6E8-4161-8B36-26536B76C285}.Debug|Any CPU.Build.0 = Debug|Any CPU
		{7F8A395A-F6E8-4161-8B36-26536B76C285}.Release|Any CPU.ActiveCfg = Release|Any CPU
		{7F8A395A-F6E8-4161-8B36-26536B76C285}.Release|Any CPU.Build.0 = Release|Any CPU
	EndGlobalSection
	GlobalSection(SolutionProperties) = preSolution
		HideSolutionNode = FALSE
	EndGlobalSection
	GlobalSection(ExtensibilityGlobals) = postSolution
		SolutionGuid = {F3AC8019-5D8F-4715-BA91-5B440AB2C508}
	EndGlobalSection
EndGlobal
